Microsoft Visual Studio Solution File, Format Version 12.00
# Visual Studio Version 17
VisualStudioVersion = 17.6.33723.286
MinimumVisualStudioVersion = 10.0.40219.1
Project("{9A19103F-16F7-4668-BE54-9A1E7A4F7556}") = "OffspringInheritXenogenes", "OffspringInheritXenogenes\OffspringInheritXenogenes.csproj", "{049D177B-D81B-4E31-8A60-A0CAFE519D65}"
EndProject
Global
	GlobalSection(SolutionConfigurationPlatforms) = preSolution
		Debug|Any CPU = Debug|Any CPU
		Release|Any CPU = Release|Any CPU
	EndGlobalSection
	GlobalSection(ProjectConfigurationPlatforms) = postSolution
		{049D177B-D81B-4E31-8A60-A0CAFE519D65}.Debug|Any CPU.ActiveCfg = Debug|Any CPU
		{049D177B-D81B-4E31-8A60-A0CAFE519D65}.Debug|Any CPU.Build.0 = Debug|Any CPU
		{049D177B-D81B-4E31-8A60-A0CAFE519D65}.Release|Any CPU.ActiveCfg = Release|Any CPU
		{049D177B-D81B-4E31-8A60-A0CAFE519D65}.Release|Any CPU.Build.0 = Release|Any CPU
	EndGlobalSection
	GlobalSection(SolutionProperties) = preSolution
		HideSolutionNode = FALSE
	EndGlobalSection
	GlobalSection(ExtensibilityGlobals) = postSolution
		SolutionGuid = {cd4dd0b8-aa8b-4fab-a3a6-979e01de8cef}
	EndGlobalSection
EndGlobal
